// !$*UTF8*$!
{
	archiveVersion = 1;
	classes = {
	};
	objectVersion = 48;
	objects = {

/* Begin PBXBuildFile section */
		842D1A28215E070E00CD3811 /* AppDelegate.m in Sources */ = {isa = PBXBuildFile; fileRef = 842D1A27215E070E00CD3811 /* AppDelegate.m */; };
		842D1A2B215E070E00CD3811 /* ViewController.m in Sources */ = {isa = PBXBuildFile; fileRef = 842D1A2A215E070E00CD3811 /* ViewController.m */; };
		842D1A2E215E070E00CD3811 /* Main.storyboard in Resources */ = {isa = PBXBuildFile; fileRef = 842D1A2C215E070E00CD3811 /* Main.storyboard */; };
		842D1A30215E070E00CD3811 /* Assets.xcassets in Resources */ = {isa = PBXBuildFile; fileRef = 842D1A2F215E070E00CD3811 /* Assets.xcassets */; };
		842D1A33215E070E00CD3811 /* LaunchScreen.storyboard in Resources */ = {isa = PBXBuildFile; fileRef = 842D1A31215E070E00CD3811 /* LaunchScreen.storyboard */; };
		842D1A36215E070E00CD3811 /* main.m in Sources */ = {isa = PBXBuildFile; fileRef = 842D1A35215E070E00CD3811 /* main.m */; };
		842D1A40215E070E00CD3811 /* ___Tests.m in Sources */ = {isa = PBXBuildFile; fileRef = 842D1A3F215E070E00CD3811 /* ___Tests.m */; };
		842D1A4B215E070F00CD3811 /* ___UITests.m in Sources */ = {isa = PBXBuildFile; fileRef = 842D1A4A215E070F00CD3811 /* ___UITests.m */; };
		842D1A5A215E072500CD3811 /* ReleaseProductController.m in Sources */ = {isa = PBXBuildFile; fileRef = 842D1A59215E072500CD3811 /* ReleaseProductController.m */; };
		842D1A5E215E165600CD3811 /* ScaleView.m in Sources */ = {isa = PBXBuildFile; fileRef = 842D1A5D215E165600CD3811 /* ScaleView.m */; };
		842D1A63215E1AB900CD3811 /* 形状-矩形.png in Resources */ = {isa = PBXBuildFile; fileRef = 842D1A60215E1AB900CD3811 /* 形状-矩形.png */; };
		842D1A64215E1AB900CD3811 /* 圆形未选中.png in Resources */ = {isa = PBXBuildFile; fileRef = 842D1A61215E1AB900CD3811 /* 圆形未选中.png */; };
		842D1A65215E1AB900CD3811 /* 双圆.png in Resources */ = {isa = PBXBuildFile; fileRef = 842D1A62215E1AB900CD3811 /* 双圆.png */; };
		842D1A6B215E24EF00CD3811 /* ZYSegmentedControl.m in Sources */ = {isa = PBXBuildFile; fileRef = 842D1A6A215E24EF00CD3811 /* ZYSegmentedControl.m */; };
		842D1A6E215E334200CD3811 /* VSlider.m in Sources */ = {isa = PBXBuildFile; fileRef = 842D1A6D215E334200CD3811 /* VSlider.m */; };
		842D1A71215E336800CD3811 /* HSlider.m in Sources */ = {isa = PBXBuildFile; fileRef = 842D1A70215E336800CD3811 /* HSlider.m */; };
		842D1A90215E352C00CD3811 /* Info.plist in Resources */ = {isa = PBXBuildFile; fileRef = 842D1A76215E352C00CD3811 /* Info.plist */; };
		842D1A91215E352C00CD3811 /* MASCompositeConstraint.m in Sources */ = {isa = PBXBuildFile; fileRef = 842D1A78215E352C00CD3811 /* MASCompositeConstraint.m */; };
		842D1A92215E352C00CD3811 /* MASConstraint.m in Sources */ = {isa = PBXBuildFile; fileRef = 842D1A7B215E352C00CD3811 /* MASConstraint.m */; };
		842D1A93215E352C00CD3811 /* MASConstraintMaker.m in Sources */ = {isa = PBXBuildFile; fileRef = 842D1A7D215E352C00CD3811 /* MASConstraintMaker.m */; };
		842D1A94215E352C00CD3811 /* MASLayoutConstraint.m in Sources */ = {isa = PBXBuildFile; fileRef = 842D1A7F215E352C00CD3811 /* MASLayoutConstraint.m */; };
		842D1A95215E352C00CD3811 /* MASViewAttribute.m in Sources */ = {isa = PBXBuildFile; fileRef = 842D1A83215E352C00CD3811 /* MASViewAttribute.m */; };
		842D1A96215E352C00CD3811 /* MASViewConstraint.m in Sources */ = {isa = PBXBuildFile; fileRef = 842D1A85215E352C00CD3811 /* MASViewConstraint.m */; };
		842D1A97215E352C00CD3811 /* NSArray+MASAdditions.m in Sources */ = {isa = PBXBuildFile; fileRef = 842D1A87215E352C00CD3811 /* NSArray+MASAdditions.m */; };
		842D1A98215E352C00CD3811 /* NSLayoutConstraint+MASDebugAdditions.m in Sources */ = {isa = PBXBuildFile; fileRef = 842D1A8A215E352C00CD3811 /* NSLayoutConstraint+MASDebugAdditions.m */; };
		842D1A99215E352C00CD3811 /* View+MASAdditions.m in Sources */ = {isa = PBXBuildFile; fileRef = 842D1A8C215E352C00CD3811 /* View+MASAdditions.m */; };
		842D1A9A215E352C00CD3811 /* ViewController+MASAdditions.m in Sources */ = {isa = PBXBuildFile; fileRef = 842D1A8F215E352C00CD3811 /* ViewController+MASAdditions.m */; };
		844BC9FB215E4A2400A71F11 /* SecondViewController.m in Sources */ = {isa = PBXBuildFile; fileRef = 844BC9FA215E4A2400A71F11 /* SecondViewController.m */; };
		846C08BE215F0A46003BAFCA /* HeaderView.m in Sources */ = {isa = PBXBuildFile; fileRef = 846C08BD215F0A46003BAFCA /* HeaderView.m */; };
		846C08C2215F0E17003BAFCA /* 点击添加图片.png in Resources */ = {isa = PBXBuildFile; fileRef = 846C08C1215F0E16003BAFCA /* 点击添加图片.png */; };
		846C08C4215F0E42003BAFCA /* 秋风萧瑟.jpg in Resources */ = {isa = PBXBuildFile; fileRef = 846C08C3215F0E42003BAFCA /* 秋风萧瑟.jpg */; };
		846C08C7215F0EF4003BAFCA /* FooterView.m in Sources */ = {isa = PBXBuildFile; fileRef = 846C08C6215F0EF4003BAFCA /* FooterView.m */; };
		846C08C9215F14EC003BAFCA /* 添加收货地址.png in Resources */ = {isa = PBXBuildFile; fileRef = 846C08C8215F14EC003BAFCA /* 添加收货地址.png */; };
		846C08CD215F1BB9003BAFCA /* JRToast.m in Sources */ = {isa = PBXBuildFile; fileRef = 846C08CB215F1BB9003BAFCA /* JRToast.m */; };
		846C08D2215F2153003BAFCA /* UITextView+ZWPlaceHolder.m in Sources */ = {isa = PBXBuildFile; fileRef = 846C08D1215F2152003BAFCA /* UITextView+ZWPlaceHolder.m */; };
		846C08D9215F2281003BAFCA /* LICENSE in Resources */ = {isa = PBXBuildFile; fileRef = 846C08D4215F2281003BAFCA /* LICENSE */; };
		846C08DA215F2281003BAFCA /* README.md in Resources */ = {isa = PBXBuildFile; fileRef = 846C08D5215F2281003BAFCA /* README.md */; };
		846C08DB215F2281003BAFCA /* UITextView+ZWLimitCounter.m in Sources */ = {isa = PBXBuildFile; fileRef = 846C08D8215F2281003BAFCA /* UITextView+ZWLimitCounter.m */; };
		846C08E3215F2497003BAFCA /* TitleCell.m in Sources */ = {isa = PBXBuildFile; fileRef = 846C08E1215F2497003BAFCA /* TitleCell.m */; };
		846C08E4215F2497003BAFCA /* TitleCell.xib in Resources */ = {isa = PBXBuildFile; fileRef = 846C08E2215F2497003BAFCA /* TitleCell.xib */; };
		846C08E8215F27DB003BAFCA /* SumaryCell.m in Sources */ = {isa = PBXBuildFile; fileRef = 846C08E6215F27DB003BAFCA /* SumaryCell.m */; };
		846C08E9215F27DB003BAFCA /* SumaryCell.xib in Resources */ = {isa = PBXBuildFile; fileRef = 846C08E7215F27DB003BAFCA /* SumaryCell.xib */; };
		846C08F1215F2F14003BAFCA /* SatrCell.m in Sources */ = {isa = PBXBuildFile; fileRef = 846C08F0215F2F14003BAFCA /* SatrCell.m */; };
		846C08F5215F2FAC003BAFCA /* XHStarRateView.m in Sources */ = {isa = PBXBuildFile; fileRef = 846C08F4215F2FAC003BAFCA /* XHStarRateView.m */; };
		846C08FA215F4804003BAFCA /* CtyAndQuantityCell.m in Sources */ = {isa = PBXBuildFile; fileRef = 846C08F9215F4804003BAFCA /* CtyAndQuantityCell.m */; };
		846C08FC215F4BB9003BAFCA /* 食材cell.png in Resources */ = {isa = PBXBuildFile; fileRef = 846C08FB215F4BB9003BAFCA /* 食材cell.png */; };
		846C0903215F4BF1003BAFCA /* FiveCell.m in Sources */ = {isa = PBXBuildFile; fileRef = 846C0901215F4BF1003BAFCA /* FiveCell.m */; };
		846C0904215F4BF1003BAFCA /* FiveCell.xib in Resources */ = {isa = PBXBuildFile; fileRef = 846C0902215F4BF1003BAFCA /* FiveCell.xib */; };
		846C090B215F51CA003BAFCA /* SixCell.m in Sources */ = {isa = PBXBuildFile; fileRef = 846C090A215F51CA003BAFCA /* SixCell.m */; };
		846C0912215F52CE003BAFCA /* NestStepCell.m in Sources */ = {isa = PBXBuildFile; fileRef = 846C0910215F52CE003BAFCA /* NestStepCell.m */; };
		846C0913215F52CE003BAFCA /* NestStepCell.xib in Resources */ = {isa = PBXBuildFile; fileRef = 846C0911215F52CE003BAFCA /* NestStepCell.xib */; };
		846C0915215F5381003BAFCA /* 点击添加步骤.png in Resources */ = {isa = PBXBuildFile; fileRef = 846C0914215F5381003BAFCA /* 点击添加步骤.png */; };
/* End PBXBuildFile section */

/* Begin PBXContainerItemProxy section */
		842D1A3C215E070E00CD3811 /* PBXContainerItemProxy */ = {
			isa = PBXContainerItemProxy;
			containerPortal = 842D1A1B215E070E00CD3811 /* Project object */;
			proxyType = 1;
			remoteGlobalIDString = 842D1A22215E070E00CD3811;
			remoteInfo = "试用期";
		};
		842D1A47215E070F00CD3811 /* PBXContainerItemProxy */ = {
			isa = PBXContainerItemProxy;
			containerPortal = 842D1A1B215E070E00CD3811 /* Project object */;
			proxyType = 1;
			remoteGlobalIDString = 842D1A22215E070E00CD3811;
			remoteInfo = "试用期";
		};
/* End PBXContainerItemProxy section */

/* Begin PBXFileReference section */
		842D1A23215E070E00CD3811 /* 试用期.app */ = {isa = PBXFileReference; explicitFileType = wrapper.application; includeInIndex = 0; path = "试用期.app"; sourceTree = BUILT_PRODUCTS_DIR; };
		842D1A26215E070E00CD3811 /* AppDelegate.h */ = {isa = PBXFileReference; lastKnownFileType = sourcecode.c.h; path = AppDelegate.h; sourceTree = "<group>"; };
		842D1A27215E070E00CD3811 /* AppDelegate.m */ = {isa = PBXFileReference; lastKnownFileType = sourcecode.c.objc; path = AppDelegate.m; sourceTree = "<group>"; };
		842D1A29215E070E00CD3811 /* ViewController.h */ = {isa = PBXFileReference; lastKnownFileType = sourcecode.c.h; path = ViewController.h; sourceTree = "<group>"; };
		842D1A2A215E070E00CD3811 /* ViewController.m */ = {isa = PBXFileReference; lastKnownFileType = sourcecode.c.objc; path = ViewController.m; sourceTree = "<group>"; };
		842D1A2D215E070E00CD3811 /* Base */ = {isa = PBXFileReference; lastKnownFileType = file.storyboard; name = Base; path = Base.lproj/Main.storyboard; sourceTree = "<group>"; };
		842D1A2F215E070E00CD3811 /* Assets.xcassets */ = {isa = PBXFileReference; lastKnownFileType = folder.assetcatalog; path = Assets.xcassets; sourceTree = "<group>"; };
		842D1A32215E070E00CD3811 /* Base */ = {isa = PBXFileReference; lastKnownFileType = file.storyboard; name = Base; path = Base.lproj/LaunchScreen.storyboard; sourceTree = "<group>"; };
		842D1A34215E070E00CD3811 /* Info.plist */ = {isa = PBXFileReference; lastKnownFileType = text.plist.xml; path = Info.plist; sourceTree = "<group>"; };
		842D1A35215E070E00CD3811 /* main.m */ = {isa = PBXFileReference; lastKnownFileType = sourcecode.c.objc; path = main.m; sourceTree = "<group>"; };
		842D1A3B215E070E00CD3811 /* 试用期Tests.xctest */ = {isa = PBXFileReference; explicitFileType = wrapper.cfbundle; includeInIndex = 0; path = "试用期Tests.xctest"; sourceTree = BUILT_PRODUCTS_DIR; };
		842D1A3F215E070E00CD3811 /* ___Tests.m */ = {isa = PBXFileReference; lastKnownFileType = sourcecode.c.objc; path = "___Tests.m"; sourceTree = "<group>"; };
		842D1A41215E070F00CD3811 /* Info.plist */ = {isa = PBXFileReference; lastKnownFileType = text.plist.xml; path = Info.plist; sourceTree = "<group>"; };
		842D1A46215E070F00CD3811 /* 试用期UITests.xctest */ = {isa = PBXFileReference; explicitFileType = wrapper.cfbundle; includeInIndex = 0; path = "试用期UITests.xctest"; sourceTree = BUILT_PRODUCTS_DIR; };
		842D1A4A215E070F00CD3811 /* ___UITests.m */ = {isa = PBXFileReference; lastKnownFileType = sourcecode.c.objc; path = "___UITests.m"; sourceTree = "<group>"; };
		842D1A4C215E070F00CD3811 /* Info.plist */ = {isa = PBXFileReference; lastKnownFileType = text.plist.xml; path = Info.plist; sourceTree = "<group>"; };
		842D1A58215E072500CD3811 /* ReleaseProductController.h */ = {isa = PBXFileReference; lastKnownFileType = sourcecode.c.h; path = ReleaseProductController.h; sourceTree = "<group>"; };
		842D1A59215E072500CD3811 /* ReleaseProductController.m */ = {isa = PBXFileReference; lastKnownFileType = sourcecode.c.objc; path = ReleaseProductController.m; sourceTree = "<group>"; };
		842D1A5C215E165600CD3811 /* ScaleView.h */ = {isa = PBXFileReference; lastKnownFileType = sourcecode.c.h; path = ScaleView.h; sourceTree = "<group>"; };
		842D1A5D215E165600CD3811 /* ScaleView.m */ = {isa = PBXFileReference; lastKnownFileType = sourcecode.c.objc; path = ScaleView.m; sourceTree = "<group>"; };
		842D1A60215E1AB900CD3811 /* 形状-矩形.png */ = {isa = PBXFileReference; lastKnownFileType = image.png; path = "形状-矩形.png"; sourceTree = "<group>"; };
		842D1A61215E1AB900CD3811 /* 圆形未选中.png */ = {isa = PBXFileReference; lastKnownFileType = image.png; path = "圆形未选中.png"; sourceTree = "<group>"; };
		842D1A62215E1AB900CD3811 /* 双圆.png */ = {isa = PBXFileReference; lastKnownFileType = image.png; path = "双圆.png"; sourceTree = "<group>"; };
		842D1A69215E24EF00CD3811 /* ZYSegmentedControl.h */ = {isa = PBXFileReference; lastKnownFileType = sourcecode.c.h; path = ZYSegmentedControl.h; sourceTree = "<group>"; };
		842D1A6A215E24EF00CD3811 /* ZYSegmentedControl.m */ = {isa = PBXFileReference; lastKnownFileType = sourcecode.c.objc; path = ZYSegmentedControl.m; sourceTree = "<group>"; };
		842D1A6C215E334200CD3811 /* VSlider.h */ = {isa = PBXFileReference; lastKnownFileType = sourcecode.c.h; path = VSlider.h; sourceTree = "<group>"; };
		842D1A6D215E334200CD3811 /* VSlider.m */ = {isa = PBXFileReference; lastKnownFileType = sourcecode.c.objc; path = VSlider.m; sourceTree = "<group>"; };
		842D1A6F215E336800CD3811 /* HSlider.h */ = {isa = PBXFileReference; lastKnownFileType = sourcecode.c.h; path = HSlider.h; sourceTree = "<group>"; };
		842D1A70215E336800CD3811 /* HSlider.m */ = {isa = PBXFileReference; lastKnownFileType = sourcecode.c.objc; path = HSlider.m; sourceTree = "<group>"; };
		842D1A76215E352C00CD3811 /* Info.plist */ = {isa = PBXFileReference; fileEncoding = 4; lastKnownFileType = text.plist.xml; path = Info.plist; sourceTree = "<group>"; };
		842D1A77215E352C00CD3811 /* MASCompositeConstraint.h */ = {isa = PBXFileReference; fileEncoding = 4; lastKnownFileType = sourcecode.c.h; path = MASCompositeConstraint.h; sourceTree = "<group>"; };
		842D1A78215E352C00CD3811 /* MASCompositeConstraint.m */ = {isa = PBXFileReference; fileEncoding = 4; lastKnownFileType = sourcecode.c.objc; path = MASCompositeConstraint.m; sourceTree = "<group>"; };
		842D1A79215E352C00CD3811 /* MASConstraint+Private.h */ = {isa = PBXFileReference; fileEncoding = 4; lastKnownFileType = sourcecode.c.h; path = "MASConstraint+Private.h"; sourceTree = "<group>"; };
		842D1A7A215E352C00CD3811 /* MASConstraint.h */ = {isa = PBXFileReference; fileEncoding = 4; lastKnownFileType = sourcecode.c.h; path = MASConstraint.h; sourceTree = "<group>"; };
		842D1A7B215E352C00CD3811 /* MASConstraint.m */ = {isa = PBXFileReference; fileEncoding = 4; lastKnownFileType = sourcecode.c.objc; path = MASConstraint.m; sourceTree = "<group>"; };
		842D1A7C215E352C00CD3811 /* MASConstraintMaker.h */ = {isa = PBXFileReference; fileEncoding = 4; lastKnownFileType = sourcecode.c.h; path = MASConstraintMaker.h; sourceTree = "<group>"; };
		842D1A7D215E352C00CD3811 /* MASConstraintMaker.m */ = {isa = PBXFileReference; fileEncoding = 4; lastKnownFileType = sourcecode.c.objc; path = MASConstraintMaker.m; sourceTree = "<group>"; };
		842D1A7E215E352C00CD3811 /* MASLayoutConstraint.h */ = {isa = PBXFileReference; fileEncoding = 4; lastKnownFileType = sourcecode.c.h; path = MASLayoutConstraint.h; sourceTree = "<group>"; };
		842D1A7F215E352C00CD3811 /* MASLayoutConstraint.m */ = {isa = PBXFileReference; fileEncoding = 4; lastKnownFileType = sourcecode.c.objc; path = MASLayoutConstraint.m; sourceTree = "<group>"; };
		842D1A80215E352C00CD3811 /* Masonry.h */ = {isa = PBXFileReference; fileEncoding = 4; lastKnownFileType = sourcecode.c.h; path = Masonry.h; sourceTree = "<group>"; };
		842D1A81215E352C00CD3811 /* MASUtilities.h */ = {isa = PBXFileReference; fileEncoding = 4; lastKnownFileType = sourcecode.c.h; path = MASUtilities.h; sourceTree = "<group>"; };
		842D1A82215E352C00CD3811 /* MASViewAttribute.h */ = {isa = PBXFileReference; fileEncoding = 4; lastKnownFileType = sourcecode.c.h; path = MASViewAttribute.h; sourceTree = "<group>"; };
		842D1A83215E352C00CD3811 /* MASViewAttribute.m */ = {isa = PBXFileReference; fileEncoding = 4; lastKnownFileType = sourcecode.c.objc; path = MASViewAttribute.m; sourceTree = "<group>"; };
		842D1A84215E352C00CD3811 /* MASViewConstraint.h */ = {isa = PBXFileReference; fileEncoding = 4; lastKnownFileType = sourcecode.c.h; path = MASViewConstraint.h; sourceTree = "<group>"; };
		842D1A85215E352C00CD3811 /* MASViewConstraint.m */ = {isa = PBXFileReference; fileEncoding = 4; lastKnownFileType = sourcecode.c.objc; path = MASViewConstraint.m; sourceTree = "<group>"; };
		842D1A86215E352C00CD3811 /* NSArray+MASAdditions.h */ = {isa = PBXFileReference; fileEncoding = 4; lastKnownFileType = sourcecode.c.h; path = "NSArray+MASAdditions.h"; sourceTree = "<group>"; };
		842D1A87215E352C00CD3811 /* NSArray+MASAdditions.m */ = {isa = PBXFileReference; fileEncoding = 4; lastKnownFileType = sourcecode.c.objc; path = "NSArray+MASAdditions.m"; sourceTree = "<group>"; };
		842D1A88215E352C00CD3811 /* NSArray+MASShorthandAdditions.h */ = {isa = PBXFileReference; fileEncoding = 4; lastKnownFileType = sourcecode.c.h; path = "NSArray+MASShorthandAdditions.h"; sourceTree = "<group>"; };
		842D1A89215E352C00CD3811 /* NSLayoutConstraint+MASDebugAdditions.h */ = {isa = PBXFileReference; fileEncoding = 4; lastKnownFileType = sourcecode.c.h; path = "NSLayoutConstraint+MASDebugAdditions.h"; sourceTree = "<group>"; };
		842D1A8A215E352C00CD3811 /* NSLayoutConstraint+MASDebugAdditions.m */ = {isa = PBXFileReference; fileEncoding = 4; lastKnownFileType = sourcecode.c.objc; path = "NSLayoutConstraint+MASDebugAdditions.m"; sourceTree = "<group>"; };
		842D1A8B215E352C00CD3811 /* View+MASAdditions.h */ = {isa = PBXFileReference; fileEncoding = 4; lastKnownFileType = sourcecode.c.h; path = "View+MASAdditions.h"; sourceTree = "<group>"; };
		842D1A8C215E352C00CD3811 /* View+MASAdditions.m */ = {isa = PBXFileReference; fileEncoding = 4; lastKnownFileType = sourcecode.c.objc; path = "View+MASAdditions.m"; sourceTree = "<group>"; };
		842D1A8D215E352C00CD3811 /* View+MASShorthandAdditions.h */ = {isa = PBXFileReference; fileEncoding = 4; lastKnownFileType = sourcecode.c.h; path = "View+MASShorthandAdditions.h"; sourceTree = "<group>"; };
		842D1A8E215E352C00CD3811 /* ViewController+MASAdditions.h */ = {isa = PBXFileReference; fileEncoding = 4; lastKnownFileType = sourcecode.c.h; path = "ViewController+MASAdditions.h"; sourceTree = "<group>"; };
		842D1A8F215E352C00CD3811 /* ViewController+MASAdditions.m */ = {isa = PBXFileReference; fileEncoding = 4; lastKnownFileType = sourcecode.c.objc; path = "ViewController+MASAdditions.m"; sourceTree = "<group>"; };
		842D1A9B215E356E00CD3811 /* PrefixHeader.pch */ = {isa = PBXFileReference; lastKnownFileType = sourcecode.c.h; path = PrefixHeader.pch; sourceTree = "<group>"; };
		844BC9F9215E4A2400A71F11 /* SecondViewController.h */ = {isa = PBXFileReference; lastKnownFileType = sourcecode.c.h; path = SecondViewController.h; sourceTree = "<group>"; };
		844BC9FA215E4A2400A71F11 /* SecondViewController.m */ = {isa = PBXFileReference; lastKnownFileType = sourcecode.c.objc; path = SecondViewController.m; sourceTree = "<group>"; };
		846C08BC215F0A46003BAFCA /* HeaderView.h */ = {isa = PBXFileReference; lastKnownFileType = sourcecode.c.h; path = HeaderView.h; sourceTree = "<group>"; };
		846C08BD215F0A46003BAFCA /* HeaderView.m */ = {isa = PBXFileReference; lastKnownFileType = sourcecode.c.objc; path = HeaderView.m; sourceTree = "<group>"; };
		846C08C1215F0E16003BAFCA /* 点击添加图片.png */ = {isa = PBXFileReference; lastKnownFileType = image.png; path = "点击添加图片.png"; sourceTree = "<group>"; };
		846C08C3215F0E42003BAFCA /* 秋风萧瑟.jpg */ = {isa = PBXFileReference; lastKnownFileType = image.jpeg; path = "秋风萧瑟.jpg"; sourceTree = "<group>"; };
		846C08C5215F0EF4003BAFCA /* FooterView.h */ = {isa = PBXFileReference; lastKnownFileType = sourcecode.c.h; path = FooterView.h; sourceTree = "<group>"; };
		846C08C6215F0EF4003BAFCA /* FooterView.m */ = {isa = PBXFileReference; lastKnownFileType = sourcecode.c.objc; path = FooterView.m; sourceTree = "<group>"; };
		846C08C8215F14EC003BAFCA /* 添加收货地址.png */ = {isa = PBXFileReference; lastKnownFileType = image.png; path = "添加收货地址.png"; sourceTree = "<group>"; };
		846C08CB215F1BB9003BAFCA /* JRToast.m */ = {isa = PBXFileReference; fileEncoding = 4; lastKnownFileType = sourcecode.c.objc; path = JRToast.m; sourceTree = "<group>"; };
		846C08CC215F1BB9003BAFCA /* JRToast.h */ = {isa = PBXFileReference; fileEncoding = 4; lastKnownFileType = sourcecode.c.h; path = JRToast.h; sourceTree = "<group>"; };
		846C08D0215F2152003BAFCA /* UITextView+ZWPlaceHolder.h */ = {isa = PBXFileReference; fileEncoding = 4; lastKnownFileType = sourcecode.c.h; path = "UITextView+ZWPlaceHolder.h"; sourceTree = "<group>"; };
		846C08D1215F2152003BAFCA /* UITextView+ZWPlaceHolder.m */ = {isa = PBXFileReference; fileEncoding = 4; lastKnownFileType = sourcecode.c.objc; path = "UITextView+ZWPlaceHolder.m"; sourceTree = "<group>"; };
		846C08D4215F2281003BAFCA /* LICENSE */ = {isa = PBXFileReference; fileEncoding = 4; lastKnownFileType = text; path = LICENSE; sourceTree = "<group>"; };
		846C08D5215F2281003BAFCA /* README.md */ = {isa = PBXFileReference; fileEncoding = 4; lastKnownFileType = net.daringfireball.markdown; path = README.md; sourceTree = "<group>"; };
		846C08D7215F2281003BAFCA /* UITextView+ZWLimitCounter.h */ = {isa = PBXFileReference; fileEncoding = 4; lastKnownFileType = sourcecode.c.h; path = "UITextView+ZWLimitCounter.h"; sourceTree = "<group>"; };
		846C08D8215F2281003BAFCA /* UITextView+ZWLimitCounter.m */ = {isa = PBXFileReference; fileEncoding = 4; lastKnownFileType = sourcecode.c.objc; path = "UITextView+ZWLimitCounter.m"; sourceTree = "<group>"; };
		846C08E0215F2497003BAFCA /* TitleCell.h */ = {isa = PBXFileReference; lastKnownFileType = sourcecode.c.h; path = TitleCell.h; sourceTree = "<group>"; };
		846C08E1215F2497003BAFCA /* TitleCell.m */ = {isa = PBXFileReference; lastKnownFileType = sourcecode.c.objc; path = TitleCell.m; sourceTree = "<group>"; };
		846C08E2215F2497003BAFCA /* TitleCell.xib */ = {isa = PBXFileReference; lastKnownFileType = file.xib; path = TitleCell.xib; sourceTree = "<group>"; };
		846C08E5215F27DB003BAFCA /* SumaryCell.h */ = {isa = PBXFileReference; lastKnownFileType = sourcecode.c.h; path = SumaryCell.h; sourceTree = "<group>"; };
		846C08E6215F27DB003BAFCA /* SumaryCell.m */ = {isa = PBXFileReference; lastKnownFileType = sourcecode.c.objc; path = SumaryCell.m; sourceTree = "<group>"; };
		846C08E7215F27DB003BAFCA /* SumaryCell.xib */ = {isa = PBXFileReference; lastKnownFileType = file.xib; path = SumaryCell.xib; sourceTree = "<group>"; };
		846C08EF215F2F14003BAFCA /* SatrCell.h */ = {isa = PBXFileReference; lastKnownFileType = sourcecode.c.h; path = SatrCell.h; sourceTree = "<group>"; };
		846C08F0215F2F14003BAFCA /* SatrCell.m */ = {isa = PBXFileReference; lastKnownFileType = sourcecode.c.objc; path = SatrCell.m; sourceTree = "<group>"; };
		846C08F3215F2FAC003BAFCA /* XHStarRateView.h */ = {isa = PBXFileReference; fileEncoding = 4; lastKnownFileType = sourcecode.c.h; path = XHStarRateView.h; sourceTree = "<group>"; };
		846C08F4215F2FAC003BAFCA /* XHStarRateView.m */ = {isa = PBXFileReference; fileEncoding = 4; lastKnownFileType = sourcecode.c.objc; path = XHStarRateView.m; sourceTree = "<group>"; };
		846C08F7215F45BA003BAFCA /* Const.h */ = {isa = PBXFileReference; lastKnownFileType = sourcecode.c.h; path = Const.h; sourceTree = "<group>"; };
		846C08F8215F4804003BAFCA /* CtyAndQuantityCell.h */ = {isa = PBXFileReference; lastKnownFileType = sourcecode.c.h; path = CtyAndQuantityCell.h; sourceTree = "<group>"; };
		846C08F9215F4804003BAFCA /* CtyAndQuantityCell.m */ = {isa = PBXFileReference; lastKnownFileType = sourcecode.c.objc; path = CtyAndQuantityCell.m; sourceTree = "<group>"; };
		846C08FB215F4BB9003BAFCA /* 食材cell.png */ = {isa = PBXFileReference; lastKnownFileType = image.png; path = "食材cell.png"; sourceTree = "<group>"; };
		846C0900215F4BF1003BAFCA /* FiveCell.h */ = {isa = PBXFileReference; lastKnownFileType = sourcecode.c.h; path = FiveCell.h; sourceTree = "<group>"; };
		846C0901215F4BF1003BAFCA /* FiveCell.m */ = {isa = PBXFileReference; lastKnownFileType = sourcecode.c.objc; path = FiveCell.m; sourceTree = "<group>"; };
		846C0902215F4BF1003BAFCA /* FiveCell.xib */ = {isa = PBXFileReference; lastKnownFileType = file.xib; path = FiveCell.xib; sourceTree = "<group>"; };
		846C0909215F51CA003BAFCA /* SixCell.h */ = {isa = PBXFileReference; lastKnownFileType = sourcecode.c.h; path = SixCell.h; sourceTree = "<group>"; };
		846C090A215F51CA003BAFCA /* SixCell.m */ = {isa = PBXFileReference; lastKnownFileType = sourcecode.c.objc; path = SixCell.m; sourceTree = "<group>"; };
		846C090F215F52CE003BAFCA /* NestStepCell.h */ = {isa = PBXFileReference; lastKnownFileType = sourcecode.c.h; path = NestStepCell.h; sourceTree = "<group>"; };
		846C0910215F52CE003BAFCA /* NestStepCell.m */ = {isa = PBXFileReference; lastKnownFileType = sourcecode.c.objc; path = NestStepCell.m; sourceTree = "<group>"; };
		846C0911215F52CE003BAFCA /* NestStepCell.xib */ = {isa = PBXFileReference; lastKnownFileType = file.xib; path = NestStepCell.xib; sourceTree = "<group>"; };
		846C0914215F5381003BAFCA /* 点击添加步骤.png */ = {isa = PBXFileReference; lastKnownFileType = image.png; path = "点击添加步骤.png"; sourceTree = "<group>"; };
/* End PBXFileReference section */

/* Begin PBXFrameworksBuildPhase section */
		842D1A20215E070E00CD3811 /* Frameworks */ = {
			isa = PBXFrameworksBuildPhase;
			buildActionMask = 2147483647;
			files = (
			);
			runOnlyForDeploymentPostprocessing = 0;
		};
		842D1A38215E070E00CD3811 /* Frameworks */ = {
			isa = PBXFrameworksBuildPhase;
			buildActionMask = 2147483647;
			files = (
			);
			runOnlyForDeploymentPostprocessing = 0;
		};
		842D1A43215E070F00CD3811 /* Frameworks */ = {
			isa = PBXFrameworksBuildPhase;
			buildActionMask = 2147483647;
			files = (
			);
			runOnlyForDeploymentPostprocessing = 0;
		};
/* End PBXFrameworksBuildPhase section */

/* Begin PBXGroup section */
		842D1A1A215E070E00CD3811 = {
			isa = PBXGroup;
			children = (
				842D1A25215E070E00CD3811 /* 试用期 */,
				842D1A3E215E070E00CD3811 /* 试用期Tests */,
				842D1A49215E070F00CD3811 /* 试用期UITests */,
				842D1A24215E070E00CD3811 /* Products */,
			);
			sourceTree = "<group>";
		};
		842D1A24215E070E00CD3811 /* Products */ = {
			isa = PBXGroup;
			children = (
				842D1A23215E070E00CD3811 /* 试用期.app */,
				842D1A3B215E070E00CD3811 /* 试用期Tests.xctest */,
				842D1A46215E070F00CD3811 /* 试用期UITests.xctest */,
			);
			name = Products;
			sourceTree = "<group>";
		};
		842D1A25215E070E00CD3811 /* 试用期 */ = {
			isa = PBXGroup;
			children = (
				846C08CE215F2148003BAFCA /* Category */,
				842D1A74215E352300CD3811 /* Vendors */,
				842D1A26215E070E00CD3811 /* AppDelegate.h */,
				842D1A27215E070E00CD3811 /* AppDelegate.m */,
				842D1A29215E070E00CD3811 /* ViewController.h */,
				842D1A2A215E070E00CD3811 /* ViewController.m */,
				844BC9F9215E4A2400A71F11 /* SecondViewController.h */,
				844BC9FA215E4A2400A71F11 /* SecondViewController.m */,
				842D1A58215E072500CD3811 /* ReleaseProductController.h */,
				842D1A59215E072500CD3811 /* ReleaseProductController.m */,
				846C08BA215F0A35003BAFCA /* 发布作品 */,
				842D1A5F215E1AB300CD3811 /* Images */,
				842D1A5B215E15CF00CD3811 /* View */,
				842D1A2C215E070E00CD3811 /* Main.storyboard */,
				842D1A2F215E070E00CD3811 /* Assets.xcassets */,
				842D1A31215E070E00CD3811 /* LaunchScreen.storyboard */,
				842D1A34215E070E00CD3811 /* Info.plist */,
				842D1A35215E070E00CD3811 /* main.m */,
				842D1A9B215E356E00CD3811 /* PrefixHeader.pch */,
				846C08F7215F45BA003BAFCA /* Const.h */,
			);
			path = "试用期";
			sourceTree = "<group>";
		};
		842D1A3E215E070E00CD3811 /* 试用期Tests */ = {
			isa = PBXGroup;
			children = (
				842D1A3F215E070E00CD3811 /* ___Tests.m */,
				842D1A41215E070F00CD3811 /* Info.plist */,
			);
			path = "试用期Tests";
			sourceTree = "<group>";
		};
		842D1A49215E070F00CD3811 /* 试用期UITests */ = {
			isa = PBXGroup;
			children = (
				842D1A4A215E070F00CD3811 /* ___UITests.m */,
				842D1A4C215E070F00CD3811 /* Info.plist */,
			);
			path = "试用期UITests";
			sourceTree = "<group>";
		};
		842D1A5B215E15CF00CD3811 /* View */ = {
			isa = PBXGroup;
			children = (
				842D1A5C215E165600CD3811 /* ScaleView.h */,
				842D1A5D215E165600CD3811 /* ScaleView.m */,
				842D1A6C215E334200CD3811 /* VSlider.h */,
				842D1A6D215E334200CD3811 /* VSlider.m */,
				842D1A6F215E336800CD3811 /* HSlider.h */,
				842D1A70215E336800CD3811 /* HSlider.m */,
				842D1A69215E24EF00CD3811 /* ZYSegmentedControl.h */,
				842D1A6A215E24EF00CD3811 /* ZYSegmentedControl.m */,
			);
			path = View;
			sourceTree = "<group>";
		};
		842D1A5F215E1AB300CD3811 /* Images */ = {
			isa = PBXGroup;
			children = (
				846C0914215F5381003BAFCA /* 点击添加步骤.png */,
				846C08FB215F4BB9003BAFCA /* 食材cell.png */,
				846C08C8215F14EC003BAFCA /* 添加收货地址.png */,
				846C08C3215F0E42003BAFCA /* 秋风萧瑟.jpg */,
				846C08C1215F0E16003BAFCA /* 点击添加图片.png */,
				842D1A62215E1AB900CD3811 /* 双圆.png */,
				842D1A60215E1AB900CD3811 /* 形状-矩形.png */,
				842D1A61215E1AB900CD3811 /* 圆形未选中.png */,
			);
			path = Images;
			sourceTree = "<group>";
		};
		842D1A74215E352300CD3811 /* Vendors */ = {
			isa = PBXGroup;
			children = (
				846C08F2215F2FAC003BAFCA /* XHStarRateView */,
				846C08CA215F1BB1003BAFCA /* JRToast */,
				842D1A75215E352C00CD3811 /* Masonry */,
			);
			path = Vendors;
			sourceTree = "<group>";
		};
		842D1A75215E352C00CD3811 /* Masonry */ = {
			isa = PBXGroup;
			children = (
				842D1A76215E352C00CD3811 /* Info.plist */,
				842D1A77215E352C00CD3811 /* MASCompositeConstraint.h */,
				842D1A78215E352C00CD3811 /* MASCompositeConstraint.m */,
				842D1A79215E352C00CD3811 /* MASConstraint+Private.h */,
				842D1A7A215E352C00CD3811 /* MASConstraint.h */,
				842D1A7B215E352C00CD3811 /* MASConstraint.m */,
				842D1A7C215E352C00CD3811 /* MASConstraintMaker.h */,
				842D1A7D215E352C00CD3811 /* MASConstraintMaker.m */,
				842D1A7E215E352C00CD3811 /* MASLayoutConstraint.h */,
				842D1A7F215E352C00CD3811 /* MASLayoutConstraint.m */,
				842D1A80215E352C00CD3811 /* Masonry.h */,
				842D1A81215E352C00CD3811 /* MASUtilities.h */,
				842D1A82215E352C00CD3811 /* MASViewAttribute.h */,
				842D1A83215E352C00CD3811 /* MASViewAttribute.m */,
				842D1A84215E352C00CD3811 /* MASViewConstraint.h */,
				842D1A85215E352C00CD3811 /* MASViewConstraint.m */,
				842D1A86215E352C00CD3811 /* NSArray+MASAdditions.h */,
				842D1A87215E352C00CD3811 /* NSArray+MASAdditions.m */,
				842D1A88215E352C00CD3811 /* NSArray+MASShorthandAdditions.h */,
				842D1A89215E352C00CD3811 /* NSLayoutConstraint+MASDebugAdditions.h */,
				842D1A8A215E352C00CD3811 /* NSLayoutConstraint+MASDebugAdditions.m */,
				842D1A8B215E352C00CD3811 /* View+MASAdditions.h */,
				842D1A8C215E352C00CD3811 /* View+MASAdditions.m */,
				842D1A8D215E352C00CD3811 /* View+MASShorthandAdditions.h */,
				842D1A8E215E352C00CD3811 /* ViewController+MASAdditions.h */,
				842D1A8F215E352C00CD3811 /* ViewController+MASAdditions.m */,
			);
			path = Masonry;
			sourceTree = "<group>";
		};
		846C08BA215F0A35003BAFCA /* 发布作品 */ = {
			isa = PBXGroup;
			children = (
				846C0908215F514B003BAFCA /* 步骤View */,
				846C08DC215F2478003BAFCA /* Cell */,
				846C08BB215F0A35003BAFCA /* View */,
			);
			path = "发布作品";
			sourceTree = "<group>";
		};
		846C08BB215F0A35003BAFCA /* View */ = {
			isa = PBXGroup;
			children = (
				846C08BC215F0A46003BAFCA /* HeaderView.h */,
				846C08BD215F0A46003BAFCA /* HeaderView.m */,
				846C08C5215F0EF4003BAFCA /* FooterView.h */,
				846C08C6215F0EF4003BAFCA /* FooterView.m */,
			);
			path = View;
			sourceTree = "<group>";
		};
		846C08CA215F1BB1003BAFCA /* JRToast */ = {
			isa = PBXGroup;
			children = (
				846C08CC215F1BB9003BAFCA /* JRToast.h */,
				846C08CB215F1BB9003BAFCA /* JRToast.m */,
			);
			path = JRToast;
			sourceTree = "<group>";
		};
		846C08CE215F2148003BAFCA /* Category */ = {
			isa = PBXGroup;
			children = (
				846C08D3215F2281003BAFCA /* ZWLimitCounter */,
				846C08CF215F2152003BAFCA /* ZWPlaceHolder */,
			);
			path = Category;
			sourceTree = "<group>";
		};
		846C08CF215F2152003BAFCA /* ZWPlaceHolder */ = {
			isa = PBXGroup;
			children = (
				846C08D0215F2152003BAFCA /* UITextView+ZWPlaceHolder.h */,
				846C08D1215F2152003BAFCA /* UITextView+ZWPlaceHolder.m */,
			);
			path = ZWPlaceHolder;
			sourceTree = "<group>";
		};
		846C08D3215F2281003BAFCA /* ZWLimitCounter */ = {
			isa = PBXGroup;
			children = (
				846C08D4215F2281003BAFCA /* LICENSE */,
				846C08D5215F2281003BAFCA /* README.md */,
				846C08D6215F2281003BAFCA /* ZWLimitCounter */,
			);
			path = ZWLimitCounter;
			sourceTree = "<group>";
		};
		846C08D6215F2281003BAFCA /* ZWLimitCounter */ = {
			isa = PBXGroup;
			children = (
				846C08D7215F2281003BAFCA /* UITextView+ZWLimitCounter.h */,
				846C08D8215F2281003BAFCA /* UITextView+ZWLimitCounter.m */,
			);
			path = ZWLimitCounter;
			sourceTree = "<group>";
		};
		846C08DC215F2478003BAFCA /* Cell */ = {
			isa = PBXGroup;
			children = (
				846C08E0215F2497003BAFCA /* TitleCell.h */,
				846C08E1215F2497003BAFCA /* TitleCell.m */,
				846C08E2215F2497003BAFCA /* TitleCell.xib */,
				846C08E5215F27DB003BAFCA /* SumaryCell.h */,
				846C08E6215F27DB003BAFCA /* SumaryCell.m */,
				846C08E7215F27DB003BAFCA /* SumaryCell.xib */,
				846C08EF215F2F14003BAFCA /* SatrCell.h */,
				846C08F0215F2F14003BAFCA /* SatrCell.m */,
				846C08F8215F4804003BAFCA /* CtyAndQuantityCell.h */,
				846C08F9215F4804003BAFCA /* CtyAndQuantityCell.m */,
				846C0900215F4BF1003BAFCA /* FiveCell.h */,
				846C0901215F4BF1003BAFCA /* FiveCell.m */,
				846C0902215F4BF1003BAFCA /* FiveCell.xib */,
				846C0909215F51CA003BAFCA /* SixCell.h */,
				846C090A215F51CA003BAFCA /* SixCell.m */,
			);
			path = Cell;
			sourceTree = "<group>";
		};
		846C08F2215F2FAC003BAFCA /* XHStarRateView */ = {
			isa = PBXGroup;
			children = (
				846C08F3215F2FAC003BAFCA /* XHStarRateView.h */,
				846C08F4215F2FAC003BAFCA /* XHStarRateView.m */,
			);
			path = XHStarRateView;
			sourceTree = "<group>";
		};
		846C0908215F514B003BAFCA /* 步骤View */ = {
			isa = PBXGroup;
			children = (
				846C090F215F52CE003BAFCA /* NestStepCell.h */,
				846C0910215F52CE003BAFCA /* NestStepCell.m */,
				846C0911215F52CE003BAFCA /* NestStepCell.xib */,
			);
			path = "步骤View";
			sourceTree = "<group>";
		};
/* End PBXGroup section */

/* Begin PBXNativeTarget section */
		842D1A22215E070E00CD3811 /* 试用期 */ = {
			isa = PBXNativeTarget;
			buildConfigurationList = 842D1A4F215E070F00CD3811 /* Build configuration list for PBXNativeTarget "试用期" */;
			buildPhases = (
				842D1A1F215E070E00CD3811 /* Sources */,
				842D1A20215E070E00CD3811 /* Frameworks */,
				842D1A21215E070E00CD3811 /* Resources */,
			);
			buildRules = (
			);
			dependencies = (
			);
			name = "试用期";
			productName = "试用期";
			productReference = 842D1A23215E070E00CD3811 /* 试用期.app */;
			productType = "com.apple.product-type.application";
		};
		842D1A3A215E070E00CD3811 /* 试用期Tests */ = {
			isa = PBXNativeTarget;
			buildConfigurationList = 842D1A52215E070F00CD3811 /* Build configuration list for PBXNativeTarget "试用期Tests" */;
			buildPhases = (
				842D1A37215E070E00CD3811 /* Sources */,
				842D1A38215E070E00CD3811 /* Frameworks */,
				842D1A39215E070E00CD3811 /* Resources */,
			);
			buildRules = (
			);
			dependencies = (
				842D1A3D215E070E00CD3811 /* PBXTargetDependency */,
			);
			name = "试用期Tests";
			productName = "试用期Tests";
			productReference = 842D1A3B215E070E00CD3811 /* 试用期Tests.xctest */;
			productType = "com.apple.product-type.bundle.unit-test";
		};
		842D1A45215E070F00CD3811 /* 试用期UITests */ = {
			isa = PBXNativeTarget;
			buildConfigurationList = 842D1A55215E070F00CD3811 /* Build configuration list for PBXNativeTarget "试用期UITests" */;
			buildPhases = (
				842D1A42215E070F00CD3811 /* Sources */,
				842D1A43215E070F00CD3811 /* Frameworks */,
				842D1A44215E070F00CD3811 /* Resources */,
			);
			buildRules = (
			);
			dependencies = (
				842D1A48215E070F00CD3811 /* PBXTargetDependency */,
			);
			name = "试用期UITests";
			productName = "试用期UITests";
			productReference = 842D1A46215E070F00CD3811 /* 试用期UITests.xctest */;
			productType = "com.apple.product-type.bundle.ui-testing";
		};
/* End PBXNativeTarget section */

/* Begin PBXProject section */
		842D1A1B215E070E00CD3811 /* Project object */ = {
			isa = PBXProject;
			attributes = {
				LastUpgradeCheck = 0910;
				ORGANIZATIONNAME = "ZhiYuan Network";
				TargetAttributes = {
					842D1A22215E070E00CD3811 = {
						CreatedOnToolsVersion = 9.1;
						ProvisioningStyle = Automatic;
					};
					842D1A3A215E070E00CD3811 = {
						CreatedOnToolsVersion = 9.1;
						ProvisioningStyle = Automatic;
						TestTargetID = 842D1A22215E070E00CD3811;
					};
					842D1A45215E070F00CD3811 = {
						CreatedOnToolsVersion = 9.1;
						ProvisioningStyle = Automatic;
						TestTargetID = 842D1A22215E070E00CD3811;
					};
				};
			};
			buildConfigurationList = 842D1A1E215E070E00CD3811 /* Build configuration list for PBXProject "试用期" */;
			compatibilityVersion = "Xcode 8.0";
			developmentRegion = en;
			hasScannedForEncodings = 0;
			knownRegions = (
				en,
				Base,
			);
			mainGroup = 842D1A1A215E070E00CD3811;
			productRefGroup = 842D1A24215E070E00CD3811 /* Products */;
			projectDirPath = "";
			projectRoot = "";
			targets = (
				842D1A22215E070E00CD3811 /* 试用期 */,
				842D1A3A215E070E00CD3811 /* 试用期Tests */,
				842D1A45215E070F00CD3811 /* 试用期UITests */,
			);
		};
/* End PBXProject section */

/* Begin PBXResourcesBuildPhase section */
		842D1A21215E070E00CD3811 /* Resources */ = {
			isa = PBXResourcesBuildPhase;
			buildActionMask = 2147483647;
			files = (
				842D1A64215E1AB900CD3811 /* 圆形未选中.png in Resources */,
				846C08FC215F4BB9003BAFCA /* 食材cell.png in Resources */,
				846C08C2215F0E17003BAFCA /* 点击添加图片.png in Resources */,
				842D1A63215E1AB900CD3811 /* 形状-矩形.png in Resources */,
				846C0913215F52CE003BAFCA /* NestStepCell.xib in Resources */,
				846C08C9215F14EC003BAFCA /* 添加收货地址.png in Resources */,
				842D1A33215E070E00CD3811 /* LaunchScreen.storyboard in Resources */,
				846C08D9215F2281003BAFCA /* LICENSE in Resources */,
				846C0904215F4BF1003BAFCA /* FiveCell.xib in Resources */,
				846C0915215F5381003BAFCA /* 点击添加步骤.png in Resources */,
				846C08E9215F27DB003BAFCA /* SumaryCell.xib in Resources */,
				846C08DA215F2281003BAFCA /* README.md in Resources */,
				842D1A65215E1AB900CD3811 /* 双圆.png in Resources */,
				842D1A30215E070E00CD3811 /* Assets.xcassets in Resources */,
				846C08E4215F2497003BAFCA /* TitleCell.xib in Resources */,
				846C08C4215F0E42003BAFCA /* 秋风萧瑟.jpg in Resources */,
				842D1A2E215E070E00CD3811 /* Main.storyboard in Resources */,
				842D1A90215E352C00CD3811 /* Info.plist in Resources */,
			);
			runOnlyForDeploymentPostprocessing = 0;
		};
		842D1A39215E070E00CD3811 /* Resources */ = {
			isa = PBXResourcesBuildPhase;
			buildActionMask = 2147483647;
			files = (
			);
			runOnlyForDeploymentPostprocessing = 0;
		};
		842D1A44215E070F00CD3811 /* Resources */ = {
			isa = PBXResourcesBuildPhase;
			buildActionMask = 2147483647;
			files = (
			);
			runOnlyForDeploymentPostprocessing = 0;
		};
/* End PBXResourcesBuildPhase section */

/* Begin PBXSourcesBuildPhase section */
		842D1A1F215E070E00CD3811 /* Sources */ = {
			isa = PBXSourcesBuildPhase;
			buildActionMask = 2147483647;
			files = (
				842D1A5E215E165600CD3811 /* ScaleView.m in Sources */,
				842D1A2B215E070E00CD3811 /* ViewController.m in Sources */,
				846C08D2215F2153003BAFCA /* UITextView+ZWPlaceHolder.m in Sources */,
				842D1A97215E352C00CD3811 /* NSArray+MASAdditions.m in Sources */,
				842D1A36215E070E00CD3811 /* main.m in Sources */,
				842D1A6E215E334200CD3811 /* VSlider.m in Sources */,
				842D1A99215E352C00CD3811 /* View+MASAdditions.m in Sources */,
				846C08E3215F2497003BAFCA /* TitleCell.m in Sources */,
				842D1A94215E352C00CD3811 /* MASLayoutConstraint.m in Sources */,
				842D1A92215E352C00CD3811 /* MASConstraint.m in Sources */,
				842D1A98215E352C00CD3811 /* NSLayoutConstraint+MASDebugAdditions.m in Sources */,
				842D1A91215E352C00CD3811 /* MASCompositeConstraint.m in Sources */,
				842D1A28215E070E00CD3811 /* AppDelegate.m in Sources */,
				846C08CD215F1BB9003BAFCA /* JRToast.m in Sources */,
				846C08BE215F0A46003BAFCA /* HeaderView.m in Sources */,
				846C0903215F4BF1003BAFCA /* FiveCell.m in Sources */,
				842D1A5A215E072500CD3811 /* ReleaseProductController.m in Sources */,
				846C08DB215F2281003BAFCA /* UITextView+ZWLimitCounter.m in Sources */,
				842D1A6B215E24EF00CD3811 /* ZYSegmentedControl.m in Sources */,
				842D1A93215E352C00CD3811 /* MASConstraintMaker.m in Sources */,
				846C08C7215F0EF4003BAFCA /* FooterView.m in Sources */,
				846C08F1215F2F14003BAFCA /* SatrCell.m in Sources */,
				842D1A9A215E352C00CD3811 /* ViewController+MASAdditions.m in Sources */,
				844BC9FB215E4A2400A71F11 /* SecondViewController.m in Sources */,
				842D1A96215E352C00CD3811 /* MASViewConstraint.m in Sources */,
				846C08F5215F2FAC003BAFCA /* XHStarRateView.m in Sources */,
				846C08FA215F4804003BAFCA /* CtyAndQuantityCell.m in Sources */,
				846C090B215F51CA003BAFCA /* SixCell.m in Sources */,
				842D1A71215E336800CD3811 /* HSlider.m in Sources */,
				846C08E8215F27DB003BAFCA /* SumaryCell.m in Sources */,
				842D1A95215E352C00CD3811 /* MASViewAttribute.m in Sources */,
				846C0912215F52CE003BAFCA /* NestStepCell.m in Sources */,
			);
			runOnlyForDeploymentPostprocessing = 0;
		};
		842D1A37215E070E00CD3811 /* Sources */ = {
			isa = PBXSourcesBuildPhase;
			buildActionMask = 2147483647;
			files = (
				842D1A40215E070E00CD3811 /* ___Tests.m in Sources */,
			);
			runOnlyForDeploymentPostprocessing = 0;
		};
		842D1A42215E070F00CD3811 /* Sources */ = {
			isa = PBXSourcesBuildPhase;
			buildActionMask = 2147483647;
			files = (
				842D1A4B215E070F00CD3811 /* ___UITests.m in Sources */,
			);
			runOnlyForDeploymentPostprocessing = 0;
		};
/* End PBXSourcesBuildPhase section */

/* Begin PBXTargetDependency section */
		842D1A3D215E070E00CD3811 /* PBXTargetDependency */ = {
			isa = PBXTargetDependency;
			target = 842D1A22215E070E00CD3811 /* 试用期 */;
			targetProxy = 842D1A3C215E070E00CD3811 /* PBXContainerItemProxy */;
		};
		842D1A48215E070F00CD3811 /* PBXTargetDependency */ = {
			isa = PBXTargetDependency;
			target = 842D1A22215E070E00CD3811 /* 试用期 */;
			targetProxy = 842D1A47215E070F00CD3811 /* PBXContainerItemProxy */;
		};
/* End PBXTargetDependency section */

/* Begin PBXVariantGroup section */
		842D1A2C215E070E00CD3811 /* Main.storyboard */ = {
			isa = PBXVariantGroup;
			children = (
				842D1A2D215E070E00CD3811 /* Base */,
			);
			name = Main.storyboard;
			sourceTree = "<group>";
		};
		842D1A31215E070E00CD3811 /* LaunchScreen.storyboard */ = {
			isa = PBXVariantGroup;
			children = (
				842D1A32215E070E00CD3811 /* Base */,
			);
			name = LaunchScreen.storyboard;
			sourceTree = "<group>";
		};
/* End PBXVariantGroup section */

/* Begin XCBuildConfiguration section */
		842D1A4D215E070F00CD3811 /* Debug */ = {
			isa = XCBuildConfiguration;
			buildSettings = {
				ALWAYS_SEARCH_USER_PATHS = NO;
				CLANG_ANALYZER_NONNULL = YES;
				CLANG_ANALYZER_NUMBER_OBJECT_CONVERSION = YES_AGGRESSIVE;
				CLANG_CXX_LANGUAGE_STANDARD = "gnu++14";
				CLANG_CXX_LIBRARY = "libc++";
				CLANG_ENABLE_MODULES = YES;
				CLANG_ENABLE_OBJC_ARC = YES;
				CLANG_WARN_BLOCK_CAPTURE_AUTORELEASING = YES;
				CLANG_WARN_BOOL_CONVERSION = YES;
				CLANG_WARN_COMMA = YES;
				CLANG_WARN_CONSTANT_CONVERSION = YES;
				CLANG_WARN_DIRECT_OBJC_ISA_USAGE = YES_ERROR;
				CLANG_WARN_DOCUMENTATION_COMMENTS = YES;
				CLANG_WARN_EMPTY_BODY = YES;
				CLANG_WARN_ENUM_CONVERSION = YES;
				CLANG_WARN_INFINITE_RECURSION = YES;
				CLANG_WARN_INT_CONVERSION = YES;
				CLANG_WARN_NON_LITERAL_NULL_CONVERSION = YES;
				CLANG_WARN_OBJC_LITERAL_CONVERSION = YES;
				CLANG_WARN_OBJC_ROOT_CLASS = YES_ERROR;
				CLANG_WARN_RANGE_LOOP_ANALYSIS = YES;
				CLANG_WARN_STRICT_PROTOTYPES = YES;
				CLANG_WARN_SUSPICIOUS_MOVE = YES;
				CLANG_WARN_UNGUARDED_AVAILABILITY = YES_AGGRESSIVE;
				CLANG_WARN_UNREACHABLE_CODE = YES;
				CLANG_WARN__DUPLICATE_METHOD_MATCH = YES;
				CODE_SIGN_IDENTITY = "iPhone Developer";
				COPY_PHASE_STRIP = NO;
				DEBUG_INFORMATION_FORMAT = dwarf;
				ENABLE_STRICT_OBJC_MSGSEND = YES;
				ENABLE_TESTABILITY = YES;
				GCC_C_LANGUAGE_STANDARD = gnu11;
				GCC_DYNAMIC_NO_PIC = NO;
				GCC_NO_COMMON_BLOCKS = YES;
				GCC_OPTIMIZATION_LEVEL = 0;
				GCC_PREPROCESSOR_DEFINITIONS = (
					"DEBUG=1",
					"$(inherited)",
				);
				GCC_WARN_64_TO_32_BIT_CONVERSION = YES;
				GCC_WARN_ABOUT_RETURN_TYPE = YES_ERROR;
				GCC_WARN_UNDECLARED_SELECTOR = YES;
				GCC_WARN_UNINITIALIZED_AUTOS = YES_AGGRESSIVE;
				GCC_WARN_UNUSED_FUNCTION = YES;
				GCC_WARN_UNUSED_VARIABLE = YES;
				IPHONEOS_DEPLOYMENT_TARGET = 11.1;
				MTL_ENABLE_DEBUG_INFO = YES;
				ONLY_ACTIVE_ARCH = YES;
				SDKROOT = iphoneos;
			};
			name = Debug;
		};
		842D1A4E215E070F00CD3811 /* Release */ = {
			isa = XCBuildConfiguration;
			buildSettings = {
				ALWAYS_SEARCH_USER_PATHS = NO;
				CLANG_ANALYZER_NONNULL = YES;
				CLANG_ANALYZER_NUMBER_OBJECT_CONVERSION = YES_AGGRESSIVE;
				CLANG_CXX_LANGUAGE_STANDARD = "gnu++14";
				CLANG_CXX_LIBRARY = "libc++";
				CLANG_ENABLE_MODULES = YES;
				CLANG_ENABLE_OBJC_ARC = YES;
				CLANG_WARN_BLOCK_CAPTURE_AUTORELEASING = YES;
				CLANG_WARN_BOOL_CONVERSION = YES;
				CLANG_WARN_COMMA = YES;
				CLANG_WARN_CONSTANT_CONVERSION = YES;
				CLANG_WARN_DIRECT_OBJC_ISA_USAGE = YES_ERROR;
				CLANG_WARN_DOCUMENTATION_COMMENTS = YES;
				CLANG_WARN_EMPTY_BODY = YES;
				CLANG_WARN_ENUM_CONVERSION = YES;
				CLANG_WARN_INFINITE_RECURSION = YES;
				CLANG_WARN_INT_CONVERSION = YES;
				CLANG_WARN_NON_LITERAL_NULL_CONVERSION = YES;
				CLANG_WARN_OBJC_LITERAL_CONVERSION = YES;
				CLANG_WARN_OBJC_ROOT_CLASS = YES_ERROR;
				CLANG_WARN_RANGE_LOOP_ANALYSIS = YES;
				CLANG_WARN_STRICT_PROTOTYPES = YES;
				CLANG_WARN_SUSPICIOUS_MOVE = YES;
				CLANG_WARN_UNGUARDED_AVAILABILITY = YES_AGGRESSIVE;
				CLANG_WARN_UNREACHABLE_CODE = YES;
				CLANG_WARN__DUPLICATE_METHOD_MATCH = YES;
				CODE_SIGN_IDENTITY = "iPhone Developer";
				COPY_PHASE_STRIP = NO;
				DEBUG_INFORMATION_FORMAT = "dwarf-with-dsym";
				ENABLE_NS_ASSERTIONS = NO;
				ENABLE_STRICT_OBJC_MSGSEND = YES;
				GCC_C_LANGUAGE_STANDARD = gnu11;
				GCC_NO_COMMON_BLOCKS = YES;
				GCC_WARN_64_TO_32_BIT_CONVERSION = YES;
				GCC_WARN_ABOUT_RETURN_TYPE = YES_ERROR;
				GCC_WARN_UNDECLARED_SELECTOR = YES;
				GCC_WARN_UNINITIALIZED_AUTOS = YES_AGGRESSIVE;
				GCC_WARN_UNUSED_FUNCTION = YES;
				GCC_WARN_UNUSED_VARIABLE = YES;
				IPHONEOS_DEPLOYMENT_TARGET = 11.1;
				MTL_ENABLE_DEBUG_INFO = NO;
				SDKROOT = iphoneos;
				VALIDATE_PRODUCT = YES;
			};
			name = Release;
		};
		842D1A50215E070F00CD3811 /* Debug */ = {
			isa = XCBuildConfiguration;
			buildSettings = {
				ASSETCATALOG_COMPILER_APPICON_NAME = AppIcon;
				CODE_SIGN_STYLE = Automatic;
				GCC_PREFIX_HEADER = "$(SRCROOT)/试用期/PrefixHeader.pch";
				INFOPLIST_FILE = "试用期/Info.plist";
				LD_RUNPATH_SEARCH_PATHS = "$(inherited) @executable_path/Frameworks";
				PRODUCT_BUNDLE_IDENTIFIER = "ZhiYuan-Network.---";
				PRODUCT_NAME = "$(TARGET_NAME)";
				TARGETED_DEVICE_FAMILY = "1,2";
			};
			name = Debug;
		};
		842D1A51215E070F00CD3811 /* Release */ = {
			isa = XCBuildConfiguration;
			buildSettings = {
				ASSETCATALOG_COMPILER_APPICON_NAME = AppIcon;
				CODE_SIGN_STYLE = Automatic;
				GCC_PREFIX_HEADER = "$(SRCROOT)/试用期/PrefixHeader.pch";
				INFOPLIST_FILE = "试用期/Info.plist";
				LD_RUNPATH_SEARCH_PATHS = "$(inherited) @executable_path/Frameworks";
				PRODUCT_BUNDLE_IDENTIFIER = "ZhiYuan-Network.---";
				PRODUCT_NAME = "$(TARGET_NAME)";
				TARGETED_DEVICE_FAMILY = "1,2";
			};
			name = Release;
		};
		842D1A53215E070F00CD3811 /* Debug */ = {
			isa = XCBuildConfiguration;
			buildSettings = {
				BUNDLE_LOADER = "$(TEST_HOST)";
				CODE_SIGN_STYLE = Automatic;
				INFOPLIST_FILE = "试用期Tests/Info.plist";
				LD_RUNPATH_SEARCH_PATHS = "$(inherited) @executable_path/Frameworks @loader_path/Frameworks";
				PRODUCT_BUNDLE_IDENTIFIER = "ZhiYuan-Network.---Tests";
				PRODUCT_NAME = "$(TARGET_NAME)";
				TARGETED_DEVICE_FAMILY = "1,2";
				TEST_HOST = "$(BUILT_PRODUCTS_DIR)/试用期.app/试用期";
			};
			name = Debug;
		};
		842D1A54215E070F00CD3811 /* Release */ = {
			isa = XCBuildConfiguration;
			buildSettings = {
				BUNDLE_LOADER = "$(TEST_HOST)";
				CODE_SIGN_STYLE = Automatic;
				INFOPLIST_FILE = "试用期Tests/Info.plist";
				LD_RUNPATH_SEARCH_PATHS = "$(inherited) @executable_path/Frameworks @loader_path/Frameworks";
				PRODUCT_BUNDLE_IDENTIFIER = "ZhiYuan-Network.---Tests";
				PRODUCT_NAME = "$(TARGET_NAME)";
				TARGETED_DEVICE_FAMILY = "1,2";
				TEST_HOST = "$(BUILT_PRODUCTS_DIR)/试用期.app/试用期";
			};
			name = Release;
		};
		842D1A56215E070F00CD3811 /* Debug */ = {
			isa = XCBuildConfiguration;
			buildSettings = {
				CODE_SIGN_STYLE = Automatic;
				INFOPLIST_FILE = "试用期UITests/Info.plist";
				LD_RUNPATH_SEARCH_PATHS = "$(inherited) @executable_path/Frameworks @loader_path/Frameworks";
				PRODUCT_BUNDLE_IDENTIFIER = "ZhiYuan-Network.---UITests";
				PRODUCT_NAME = "$(TARGET_NAME)";
				TARGETED_DEVICE_FAMILY = "1,2";
				TEST_TARGET_NAME = "试用期";
			};
			name = Debug;
		};
		842D1A57215E070F00CD3811 /* Release */ = {
			isa = XCBuildConfiguration;
			buildSettings = {
				CODE_SIGN_STYLE = Automatic;
				INFOPLIST_FILE = "试用期UITests/Info.plist";
				LD_RUNPATH_SEARCH_PATHS = "$(inherited) @executable_path/Frameworks @loader_path/Frameworks";
				PRODUCT_BUNDLE_IDENTIFIER = "ZhiYuan-Network.---UITests";
				PRODUCT_NAME = "$(TARGET_NAME)";
				TARGETED_DEVICE_FAMILY = "1,2";
				TEST_TARGET_NAME = "试用期";
			};
			name = Release;
		};
/* End XCBuildConfiguration section */

/* Begin XCConfigurationList section */
		842D1A1E215E070E00CD3811 /* Build configuration list for PBXProject "试用期" */ = {
			isa = XCConfigurationList;
			buildConfigurations = (
				842D1A4D215E070F00CD3811 /* Debug */,
				842D1A4E215E070F00CD3811 /* Release */,
			);
			defaultConfigurationIsVisible = 0;
			defaultConfigurationName = Release;
		};
		842D1A4F215E070F00CD3811 /* Build configuration list for PBXNativeTarget "试用期" */ = {
			isa = XCConfigurationList;
			buildConfigurations = (
				842D1A50215E070F00CD3811 /* Debug */,
				842D1A51215E070F00CD3811 /* Release */,
			);
			defaultConfigurationIsVisible = 0;
			defaultConfigurationName = Release;
		};
		842D1A52215E070F00CD3811 /* Build configuration list for PBXNativeTarget "试用期Tests" */ = {
			isa = XCConfigurationList;
			buildConfigurations = (
				842D1A53215E070F00CD3811 /* Debug */,
				842D1A54215E070F00CD3811 /* Release */,
			);
			defaultConfigurationIsVisible = 0;
			defaultConfigurationName = Release;
		};
		842D1A55215E070F00CD3811 /* Build configuration list for PBXNativeTarget "试用期UITests" */ = {
			isa = XCConfigurationList;
			buildConfigurations = (
				842D1A56215E070F00CD3811 /* Debug */,
				842D1A57215E070F00CD3811 /* Release */,
			);
			defaultConfigurationIsVisible = 0;
			defaultConfigurationName = Release;
		};
/* End XCConfigurationList section */
	};
	rootObject = 842D1A1B215E070E00CD3811 /* Project object */;
}
